// !$*UTF8*$!
{
	archiveVersion = 1;
	classes = {
	};
	objectVersion = 46;
	objects = {

/* Begin PBXBuildFile section */
		61799D2D132D049E006F4B4C /* UIKit.framework in Frameworks */ = {isa = PBXBuildFile; fileRef = 61799D2C132D049E006F4B4C /* UIKit.framework */; };
		61799D2F132D049E006F4B4C /* Foundation.framework in Frameworks */ = {isa = PBXBuildFile; fileRef = 61799D2E132D049E006F4B4C /* Foundation.framework */; };
		61799D31132D049E006F4B4C /* CoreGraphics.framework in Frameworks */ = {isa = PBXBuildFile; fileRef = 61799D30132D049E006F4B4C /* CoreGraphics.framework */; };
		61799D37132D049F006F4B4C /* InfoPlist.strings in Resources */ = {isa = PBXBuildFile; fileRef = 61799D35132D049F006F4B4C /* InfoPlist.strings */; };
		61799D3A132D049F006F4B4C /* main.m in Sources */ = {isa = PBXBuildFile; fileRef = 61799D39132D049F006F4B4C /* main.m */; };
		61799D3D132D049F006F4B4C /* ethanolCalculatorAppDelegate.m in Sources */ = {isa = PBXBuildFile; fileRef = 61799D3C132D049F006F4B4C /* ethanolCalculatorAppDelegate.m */; };
		61799D40132D049F006F4B4C /* MainWindow.xib in Resources */ = {isa = PBXBuildFile; fileRef = 61799D3E132D049F006F4B4C /* MainWindow.xib */; };
		61799D43132D049F006F4B4C /* DetailViewController.m in Sources */ = {isa = PBXBuildFile; fileRef = 61799D42132D049F006F4B4C /* DetailViewController.m */; };
		61799D46132D049F006F4B4C /* DetailView.xib in Resources */ = {isa = PBXBuildFile; fileRef = 61799D44132D049F006F4B4C /* DetailView.xib */; };
		61799D49132D049F006F4B4C /* RootViewController.m in Sources */ = {isa = PBXBuildFile; fileRef = 61799D48132D049F006F4B4C /* RootViewController.m */; };
		61799D50132D049F006F4B4C /* UIKit.framework in Frameworks */ = {isa = PBXBuildFile; fileRef = 61799D2C132D049E006F4B4C /* UIKit.framework */; };
		61799D51132D049F006F4B4C /* Foundation.framework in Frameworks */ = {isa = PBXBuildFile; fileRef = 61799D2E132D049E006F4B4C /* Foundation.framework */; };
		61799D52132D049F006F4B4C /* CoreGraphics.framework in Frameworks */ = {isa = PBXBuildFile; fileRef = 61799D30132D049E006F4B4C /* CoreGraphics.framework */; };
		61799D5A132D049F006F4B4C /* InfoPlist.strings in Resources */ = {isa = PBXBuildFile; fileRef = 61799D58132D049F006F4B4C /* InfoPlist.strings */; };
		61799D5D132D049F006F4B4C /* ethanolCalculatorTests.h in Resources */ = {isa = PBXBuildFile; fileRef = 61799D5C132D049F006F4B4C /* ethanolCalculatorTests.h */; };
		61799D5F132D049F006F4B4C /* ethanolCalculatorTests.m in Sources */ = {isa = PBXBuildFile; fileRef = 61799D5E132D049F006F4B4C /* ethanolCalculatorTests.m */; };
/* End PBXBuildFile section */

/* Begin PBXContainerItemProxy section */
		61799D53132D049F006F4B4C /* PBXContainerItemProxy */ = {
			isa = PBXContainerItemProxy;
			containerPortal = 61799D1F132D049E006F4B4C /* Project object */;
			proxyType = 1;
			remoteGlobalIDString = 61799D27132D049E006F4B4C;
			remoteInfo = ethanolCalculator;
		};
/* End PBXContainerItemProxy section */

/* Begin PBXFileReference section */
		61799D28132D049E006F4B4C /* ethanolCalculator.app */ = {isa = PBXFileReference; explicitFileType = wrapper.application; includeInIndex = 0; path = ethanolCalculator.app; sourceTree = BUILT_PRODUCTS_DIR; };
		61799D2C132D049E006F4B4C /* UIKit.framework */ = {isa = PBXFileReference; lastKnownFileType = wrapper.framework; name = UIKit.framework; path = System/Library/Frameworks/UIKit.framework; sourceTree = SDKROOT; };
		61799D2E132D049E006F4B4C /* Foundation.framework */ = {isa = PBXFileReference; lastKnownFileType = wrapper.framework; name = Foundation.framework; path = System/Library/Frameworks/Foundation.framework; sourceTree = SDKROOT; };
		61799D30132D049E006F4B4C /* CoreGraphics.framework */ = {isa = PBXFileReference; lastKnownFileType = wrapper.framework; name = CoreGraphics.framework; path = System/Library/Frameworks/CoreGraphics.framework; sourceTree = SDKROOT; };
		61799D34132D049E006F4B4C /* ethanolCalculator-Info.plist */ = {isa = PBXFileReference; lastKnownFileType = text.plist.xml; path = "ethanolCalculator-Info.plist"; sourceTree = "<group>"; };
		61799D36132D049F006F4B4C /* en */ = {isa = PBXFileReference; lastKnownFileType = text.plist.strings; name = en; path = en.lproj/InfoPlist.strings; sourceTree = "<group>"; };
		61799D38132D049F006F4B4C /* ethanolCalculator-Prefix.pch */ = {isa = PBXFileReference; lastKnownFileType = sourcecode.c.h; path = "ethanolCalculator-Prefix.pch"; sourceTree = "<group>"; };
		61799D39132D049F006F4B4C /* main.m */ = {isa = PBXFileReference; lastKnownFileType = sourcecode.c.objc; path = main.m; sourceTree = "<group>"; };
		61799D3B132D049F006F4B4C /* ethanolCalculatorAppDelegate.h */ = {isa = PBXFileReference; lastKnownFileType = sourcecode.c.h; path = ethanolCalculatorAppDelegate.h; sourceTree = "<group>"; };
		61799D3C132D049F006F4B4C /* ethanolCalculatorAppDelegate.m */ = {isa = PBXFileReference; lastKnownFileType = sourcecode.c.objc; path = ethanolCalculatorAppDelegate.m; sourceTree = "<group>"; };
		61799D3F132D049F006F4B4C /* en */ = {isa = PBXFileReference; lastKnownFileType = file.xib; name = en; path = en.lproj/MainWindow.xib; sourceTree = "<group>"; };
		61799D41132D049F006F4B4C /* DetailViewController.h */ = {isa = PBXFileReference; lastKnownFileType = sourcecode.c.h; path = DetailViewController.h; sourceTree = "<group>"; };
		61799D42132D049F006F4B4C /* DetailViewController.m */ = {isa = PBXFileReference; lastKnownFileType = sourcecode.c.objc; path = DetailViewController.m; sourceTree = "<group>"; };
		61799D45132D049F006F4B4C /* en */ = {isa = PBXFileReference; lastKnownFileType = file.xib; name = en; path = en.lproj/DetailView.xib; sourceTree = "<group>"; };
		61799D47132D049F006F4B4C /* RootViewController.h */ = {isa = PBXFileReference; lastKnownFileType = sourcecode.c.h; path = RootViewController.h; sourceTree = "<group>"; };
		61799D48132D049F006F4B4C /* RootViewController.m */ = {isa = PBXFileReference; lastKnownFileType = sourcecode.c.objc; path = RootViewController.m; sourceTree = "<group>"; };
		61799D4F132D049F006F4B4C /* ethanolCalculatorTests.octest */ = {isa = PBXFileReference; explicitFileType = wrapper.cfbundle; includeInIndex = 0; path = ethanolCalculatorTests.octest; sourceTree = BUILT_PRODUCTS_DIR; };
		61799D57132D049F006F4B4C /* ethanolCalculatorTests-Info.plist */ = {isa = PBXFileReference; lastKnownFileType = text.plist.xml; path = "ethanolCalculatorTests-Info.plist"; sourceTree = "<group>"; };
		61799D59132D049F006F4B4C /* en */ = {isa = PBXFileReference; lastKnownFileType = text.plist.strings; name = en; path = en.lproj/InfoPlist.strings; sourceTree = "<group>"; };
		61799D5B132D049F006F4B4C /* ethanolCalculatorTests-Prefix.pch */ = {isa = PBXFileReference; lastKnownFileType = sourcecode.c.h; path = "ethanolCalculatorTests-Prefix.pch"; sourceTree = "<group>"; };
		61799D5C132D049F006F4B4C /* ethanolCalculatorTests.h */ = {isa = PBXFileReference; lastKnownFileType = sourcecode.c.h; path = ethanolCalculatorTests.h; sourceTree = "<group>"; };
		61799D5E132D049F006F4B4C /* ethanolCalculatorTests.m */ = {isa = PBXFileReference; lastKnownFileType = sourcecode.c.objc; path = ethanolCalculatorTests.m; sourceTree = "<group>"; };
/* End PBXFileReference section */

/* Begin PBXFrameworksBuildPhase section */
		61799D25132D049E006F4B4C /* Frameworks */ = {
			isa = PBXFrameworksBuildPhase;
			buildActionMask = 2147483647;
			files = (
				61799D2D132D049E006F4B4C /* UIKit.framework in Frameworks */,
				61799D2F132D049E006F4B4C /* Foundation.framework in Frameworks */,
				61799D31132D049E006F4B4C /* CoreGraphics.framework in Frameworks */,
			);
			runOnlyForDeploymentPostprocessing = 0;
		};
		61799D4B132D049F006F4B4C /* Frameworks */ = {
			isa = PBXFrameworksBuildPhase;
			buildActionMask = 2147483647;
			files = (
				61799D50132D049F006F4B4C /* UIKit.framework in Frameworks */,
				61799D51132D049F006F4B4C /* Foundation.framework in Frameworks */,
				61799D52132D049F006F4B4C /* CoreGraphics.framework in Frameworks */,
			);
			runOnlyForDeploymentPostprocessing = 0;
		};
/* End PBXFrameworksBuildPhase section */

/* Begin PBXGroup section */
		61799D1D132D049E006F4B4C = {
			isa = PBXGroup;
			children = (
				61799D32132D049E006F4B4C /* ethanolCalculator */,
				61799D55132D049F006F4B4C /* ethanolCalculatorTests */,
				61799D2B132D049E006F4B4C /* Frameworks */,
				61799D29132D049E006F4B4C /* Products */,
			);
			sourceTree = "<group>";
		};
		61799D29132D049E006F4B4C /* Products */ = {
			isa = PBXGroup;
			children = (
				61799D28132D049E006F4B4C /* ethanolCalculator.app */,
				61799D4F132D049F006F4B4C /* ethanolCalculatorTests.octest */,
			);
			name = Products;
			sourceTree = "<group>";
		};
		61799D2B132D049E006F4B4C /* Frameworks */ = {
			isa = PBXGroup;
			children = (
				61799D2C132D049E006F4B4C /* UIKit.framework */,
				61799D2E132D049E006F4B4C /* Foundation.framework */,
				61799D30132D049E006F4B4C /* CoreGraphics.framework */,
			);
			name = Frameworks;
			sourceTree = "<group>";
		};
		61799D32132D049E006F4B4C /* ethanolCalculator */ = {
			isa = PBXGroup;
			children = (
				61799D3B132D049F006F4B4C /* ethanolCalculatorAppDelegate.h */,
				61799D3C132D049F006F4B4C /* ethanolCalculatorAppDelegate.m */,
				61799D3E132D049F006F4B4C /* MainWindow.xib */,
				61799D41132D049F006F4B4C /* DetailViewController.h */,
				61799D42132D049F006F4B4C /* DetailViewController.m */,
				61799D44132D049F006F4B4C /* DetailView.xib */,
				61799D47132D049F006F4B4C /* RootViewController.h */,
				61799D48132D049F006F4B4C /* RootViewController.m */,
				61799D33132D049E006F4B4C /* Supporting Files */,
			);
			path = ethanolCalculator;
			sourceTree = "<group>";
		};
		61799D33132D049E006F4B4C /* Supporting Files */ = {
			isa = PBXGroup;
			children = (
				61799D34132D049E006F4B4C /* ethanolCalculator-Info.plist */,
				61799D35132D049F006F4B4C /* InfoPlist.strings */,
				61799D38132D049F006F4B4C /* ethanolCalculator-Prefix.pch */,
				61799D39132D049F006F4B4C /* main.m */,
			);
			name = "Supporting Files";
			sourceTree = "<group>";
		};
		61799D55132D049F006F4B4C /* ethanolCalculatorTests */ = {
			isa = PBXGroup;
			children = (
				61799D5C132D049F006F4B4C /* ethanolCalculatorTests.h */,
				61799D5E132D049F006F4B4C /* ethanolCalculatorTests.m */,
				61799D56132D049F006F4B4C /* Supporting Files */,
			);
			path = ethanolCalculatorTests;
			sourceTree = "<group>";
		};
		61799D56132D049F006F4B4C /* Supporting Files */ = {
			isa = PBXGroup;
			children = (
				61799D57132D049F006F4B4C /* ethanolCalculatorTests-Info.plist */,
				61799D58132D049F006F4B4C /* InfoPlist.strings */,
				61799D5B132D049F006F4B4C /* ethanolCalculatorTests-Prefix.pch */,
			);
			name = "Supporting Files";
			sourceTree = "<group>";
		};
/* End PBXGroup section */

/* Begin PBXNativeTarget section */
		61799D27132D049E006F4B4C /* ethanolCalculator */ = {
			isa = PBXNativeTarget;
			buildConfigurationList = 61799D62132D049F006F4B4C /* Build configuration list for PBXNativeTarget "ethanolCalculator" */;
			buildPhases = (
				61799D24132D049E006F4B4C /* Sources */,
				61799D25132D049E006F4B4C /* Frameworks */,
				61799D26132D049E006F4B4C /* Resources */,
			);
			buildRules = (
			);
			dependencies = (
			);
			name = ethanolCalculator;
			productName = ethanolCalculator;
			productReference = 61799D28132D049E006F4B4C /* ethanolCalculator.app */;
			productType = "com.apple.product-type.application";
		};
		61799D4E132D049F006F4B4C /* ethanolCalculatorTests */ = {
			isa = PBXNativeTarget;
			buildConfigurationList = 61799D65132D049F006F4B4C /* Build configuration list for PBXNativeTarget "ethanolCalculatorTests" */;
			buildPhases = (
				61799D4A132D049F006F4B4C /* Sources */,
				61799D4B132D049F006F4B4C /* Frameworks */,
				61799D4C132D049F006F4B4C /* Resources */,
				61799D4D132D049F006F4B4C /* ShellScript */,
			);
			buildRules = (
			);
			dependencies = (
				61799D54132D049F006F4B4C /* PBXTargetDependency */,
			);
			name = ethanolCalculatorTests;
			productName = ethanolCalculatorTests;
			productReference = 61799D4F132D049F006F4B4C /* ethanolCalculatorTests.octest */;
			productType = "com.apple.product-type.bundle";
		};
/* End PBXNativeTarget section */

/* Begin PBXProject section */
		61799D1F132D049E006F4B4C /* Project object */ = {
			isa = PBXProject;
			attributes = {
				ORGANIZATIONNAME = nequam;
			};
			buildConfigurationList = 61799D22132D049E006F4B4C /* Build configuration list for PBXProject "ethanolCalculator" */;
			compatibilityVersion = "Xcode 3.2";
			developmentRegion = English;
			hasScannedForEncodings = 0;
			knownRegions = (
				en,
			);
			mainGroup = 61799D1D132D049E006F4B4C;
			productRefGroup = 61799D29132D049E006F4B4C /* Products */;
			projectDirPath = "";
			projectRoot = "";
			targets = (
				61799D27132D049E006F4B4C /* ethanolCalculator */,
				61799D4E132D049F006F4B4C /* ethanolCalculatorTests */,
			);
		};
/* End PBXProject section */

/* Begin PBXResourcesBuildPhase section */
		61799D26132D049E006F4B4C /* Resources */ = {
			isa = PBXResourcesBuildPhase;
			buildActionMask = 2147483647;
			files = (
				61799D37132D049F006F4B4C /* InfoPlist.strings in Resources */,
				61799D40132D049F006F4B4C /* MainWindow.xib in Resources */,
				61799D46132D049F006F4B4C /* DetailView.xib in Resources */,
			);
			runOnlyForDeploymentPostprocessing = 0;
		};
		61799D4C132D049F006F4B4C /* Resources */ = {
			isa = PBXResourcesBuildPhase;
			buildActionMask = 2147483647;
			files = (
				61799D5A132D049F006F4B4C /* InfoPlist.strings in Resources */,
				61799D5D132D049F006F4B4C /* ethanolCalculatorTests.h in Resources */,
			);
			runOnlyForDeploymentPostprocessing = 0;
		};
/* End PBXResourcesBuildPhase section */

/* Begin PBXShellScriptBuildPhase section */
		61799D4D132D049F006F4B4C /* ShellScript */ = {
			isa = PBXShellScriptBuildPhase;
			buildActionMask = 2147483647;
			files = (
			);
			inputPaths = (
			);
			outputPaths = (
			);
			runOnlyForDeploymentPostprocessing = 0;
			shellPath = /bin/sh;
			shellScript = "# Run the unit tests in this test bundle.\n\"${SYSTEM_DEVELOPER_DIR}/Tools/RunUnitTests\"\n";
		};
/* End PBXShellScriptBuildPhase section */

/* Begin PBXSourcesBuildPhase section */
		61799D24132D049E006F4B4C /* Sources */ = {
			isa = PBXSourcesBuildPhase;
			buildActionMask = 2147483647;
			files = (
				61799D3A132D049F006F4B4C /* main.m in Sources */,
				61799D3D132D049F006F4B4C /* ethanolCalculatorAppDelegate.m in Sources */,
				61799D43132D049F006F4B4C /* DetailViewController.m in Sources */,
				61799D49132D049F006F4B4C /* RootViewController.m in Sources */,
			);
			runOnlyForDeploymentPostprocessing = 0;
		};
		61799D4A132D049F006F4B4C /* Sources */ = {
			isa = PBXSourcesBuildPhase;
			buildActionMask = 2147483647;
			files = (
				61799D5F132D049F006F4B4C /* ethanolCalculatorTests.m in Sources */,
			);
			runOnlyForDeploymentPostprocessing = 0;
		};
/* End PBXSourcesBuildPhase section */

/* Begin PBXTargetDependency section */
		61799D54132D049F006F4B4C /* PBXTargetDependency */ = {
			isa = PBXTargetDependency;
			target = 61799D27132D049E006F4B4C /* ethanolCalculator */;
			targetProxy = 61799D53132D049F006F4B4C /* PBXContainerItemProxy */;
		};
/* End PBXTargetDependency section */

/* Begin PBXVariantGroup section */
		61799D35132D049F006F4B4C /* InfoPlist.strings */ = {
			isa = PBXVariantGroup;
			children = (
				61799D36132D049F006F4B4C /* en */,
			);
			name = InfoPlist.strings;
			sourceTree = "<group>";
		};
		61799D3E132D049F006F4B4C /* MainWindow.xib */ = {
			isa = PBXVariantGroup;
			children = (
				61799D3F132D049F006F4B4C /* en */,
			);
			name = MainWindow.xib;
			sourceTree = "<group>";
		};
		61799D44132D049F006F4B4C /* DetailView.xib */ = {
			isa = PBXVariantGroup;
			children = (
				61799D45132D049F006F4B4C /* en */,
			);
			name = DetailView.xib;
			sourceTree = "<group>";
		};
		61799D58132D049F006F4B4C /* InfoPlist.strings */ = {
			isa = PBXVariantGroup;
			children = (
				61799D59132D049F006F4B4C /* en */,
			);
			name = InfoPlist.strings;
			sourceTree = "<group>";
		};
/* End PBXVariantGroup section */

/* Begin XCBuildConfiguration section */
		61799D60132D049F006F4B4C /* Debug */ = {
			isa = XCBuildConfiguration;
			buildSettings = {
				ARCHS = "$(ARCHS_UNIVERSAL_IPHONE_OS)";
				"CODE_SIGN_IDENTITY[sdk=iphoneos*]" = "iPhone Developer";
				GCC_C_LANGUAGE_STANDARD = gnu99;
				GCC_OPTIMIZATION_LEVEL = 0;
				GCC_PREPROCESSOR_DEFINITIONS = DEBUG;
				GCC_SYMBOLS_PRIVATE_EXTERN = NO;
				GCC_VERSION = com.apple.compilers.llvmgcc42;
				GCC_WARN_ABOUT_RETURN_TYPE = YES;
				GCC_WARN_UNUSED_VARIABLE = YES;
				IPHONEOS_DEPLOYMENT_TARGET = 4.3;
				SDKROOT = iphoneos;
				TARGETED_DEVICE_FAMILY = 2;
			};
			name = Debug;
		};
		61799D61132D049F006F4B4C /* Release */ = {
			isa = XCBuildConfiguration;
			buildSettings = {
				ARCHS = "$(ARCHS_UNIVERSAL_IPHONE_OS)";
				"CODE_SIGN_IDENTITY[sdk=iphoneos*]" = "iPhone Developer";
				GCC_C_LANGUAGE_STANDARD = gnu99;
				GCC_VERSION = com.apple.compilers.llvmgcc42;
				GCC_WARN_ABOUT_RETURN_TYPE = YES;
				GCC_WARN_UNUSED_VARIABLE = YES;
				IPHONEOS_DEPLOYMENT_TARGET = 4.3;
				OTHER_CFLAGS = "-DNS_BLOCK_ASSERTIONS=1";
				SDKROOT = iphoneos;
				TARGETED_DEVICE_FAMILY = 2;
			};
			name = Release;
		};
		61799D63132D049F006F4B4C /* Debug */ = {
			isa = XCBuildConfiguration;
			buildSettings = {
				ALWAYS_SEARCH_USER_PATHS = NO;
				COPY_PHASE_STRIP = NO;
				GCC_DYNAMIC_NO_PIC = NO;
				GCC_PRECOMPILE_PREFIX_HEADER = YES;
				GCC_PREFIX_HEADER = "ethanolCalculator/ethanolCalculator-Prefix.pch";
				INFOPLIST_FILE = "ethanolCalculator/ethanolCalculator-Info.plist";
				PRODUCT_NAME = "$(TARGET_NAME)";
				WRAPPER_EXTENSION = app;
			};
			name = Debug;
		};
		61799D64132D049F006F4B4C /* Release */ = {
			isa = XCBuildConfiguration;
			buildSettings = {
				ALWAYS_SEARCH_USER_PATHS = NO;
				COPY_PHASE_STRIP = YES;
				GCC_PRECOMPILE_PREFIX_HEADER = YES;
				GCC_PREFIX_HEADER = "ethanolCalculator/ethanolCalculator-Prefix.pch";
				INFOPLIST_FILE = "ethanolCalculator/ethanolCalculator-Info.plist";
				PRODUCT_NAME = "$(TARGET_NAME)";
				VALIDATE_PRODUCT = YES;
				WRAPPER_EXTENSION = app;
			};
			name = Release;
		};
		61799D66132D049F006F4B4C /* Debug */ = {
			isa = XCBuildConfiguration;
			buildSettings = {
				ALWAYS_SEARCH_USER_PATHS = NO;
				ARCHS = "$(ARCHS_STANDARD_32_BIT)";
				BUNDLE_LOADER = "$(BUILT_PRODUCTS_DIR)/ethanolCalculator.app/ethanolCalculator";
				FRAMEWORK_SEARCH_PATHS = (
					"$(SDKROOT)/Developer/Library/Frameworks",
					"$(DEVELOPER_LIBRARY_DIR)/Frameworks",
				);
				GCC_PRECOMPILE_PREFIX_HEADER = YES;
				GCC_PREFIX_HEADER = "ethanolCalculatorTests/ethanolCalculatorTests-Prefix.pch";
				INFOPLIST_FILE = "ethanolCalculatorTests/ethanolCalculatorTests-Info.plist";
				OTHER_LDFLAGS = (
					"-framework",
					SenTestingKit,
				);
				PRODUCT_NAME = "$(TARGET_NAME)";
				TEST_HOST = "$(BUNDLE_LOADER)";
				WRAPPER_EXTENSION = octest;
			};
			name = Debug;
		};
		61799D67132D049F006F4B4C /* Release */ = {
			isa = XCBuildConfiguration;
			buildSettings = {
				ALWAYS_SEARCH_USER_PATHS = NO;
				ARCHS = "$(ARCHS_STANDARD_32_BIT)";
				BUNDLE_LOADER = "$(BUILT_PRODUCTS_DIR)/ethanolCalculator.app/ethanolCalculator";
				FRAMEWORK_SEARCH_PATHS = (
					"$(SDKROOT)/Developer/Library/Frameworks",
					"$(DEVELOPER_LIBRARY_DIR)/Frameworks",
				);
				GCC_PRECOMPILE_PREFIX_HEADER = YES;
				GCC_PREFIX_HEADER = "ethanolCalculatorTests/ethanolCalculatorTests-Prefix.pch";
				INFOPLIST_FILE = "ethanolCalculatorTests/ethanolCalculatorTests-Info.plist";
				OTHER_LDFLAGS = (
					"-framework",
					SenTestingKit,
				);
				PRODUCT_NAME = "$(TARGET_NAME)";
				TEST_HOST = "$(BUNDLE_LOADER)";
				WRAPPER_EXTENSION = octest;
			};
			name = Release;
		};
/* End XCBuildConfiguration section */

/* Begin XCConfigurationList section */
		61799D22132D049E006F4B4C /* Build configuration list for PBXProject "ethanolCalculator" */ = {
			isa = XCConfigurationList;
			buildConfigurations = (
				61799D60132D049F006F4B4C /* Debug */,
				61799D61132D049F006F4B4C /* Release */,
			);
			defaultConfigurationIsVisible = 0;
			defaultConfigurationName = Release;
		};
		61799D62132D049F006F4B4C /* Build configuration list for PBXNativeTarget "ethanolCalculator" */ = {
			isa = XCConfigurationList;
			buildConfigurations = (
				61799D63132D049F006F4B4C /* Debug */,
				61799D64132D049F006F4B4C /* Release */,
			);
			defaultConfigurationIsVisible = 0;
		};
		61799D65132D049F006F4B4C /* Build configuration list for PBXNativeTarget "ethanolCalculatorTests" */ = {
			isa = XCConfigurationList;
			buildConfigurations = (
				61799D66132D049F006F4B4C /* Debug */,
				61799D67132D049F006F4B4C /* Release */,
			);
			defaultConfigurationIsVisible = 0;
		};
/* End XCConfigurationList section */
	};
	rootObject = 61799D1F132D049E006F4B4C /* Project object */;
}
